<?xml version="1.0" encoding="utf-8"?>
<Project ToolsVersion="4.0" xmlns="http://schemas.microsoft.com/developer/msbuild/2003">
  <ItemGroup>
    <ClCompile Include="source\Scene\GameOverScene.cpp" />
    <ClCompile Include="source\Scene\PlayScene.cpp" />
    <ClCompile Include="source\Scene\Scene.cpp" />
    <ClCompile Include="source\utils\SceneManager.cpp" />
    <ClCompile Include="source\bullet\Bullet.cpp" />
    <ClCompile Include="source\plyer\Player.cpp" />
    <ClCompile Include="source\utils\InputMgr.cpp" />
    <ClCompile Include="source\utils\Pickup.cpp" />
    <ClCompile Include="source\utils\TextureHolder.cpp" />
    <ClCompile Include="source\utils\Utils.cpp" />
    <ClCompile Include="source\main.cpp" />
    <ClCompile Include="source\zombie\Blood.cpp" />
    <ClCompile Include="source\zombie\Zombie.cpp" />
    <ClCompile Include="source\Scene\TitleScene.cpp" />
    <ClCompile Include="source\Scene\UpgradeScene.cpp" />
    <ClCompile Include="source\utils\UIManager.cpp" />
    <ClCompile Include="source\utils\ViewManager.cpp" />
    <ClCompile Include="source\utils\GameLevelData.cpp" />
  </ItemGroup>
  <ItemGroup>
    <ClInclude Include="source\Scene\GameOverScene.h" />
    <ClInclude Include="source\Scene\PlayScene.h" />
    <ClInclude Include="source\Scene\Scene.h" />
    <ClInclude Include="source\utils\SceneManager.h" />
    <ClInclude Include="source\bullet\Bullet.h" />
    <ClInclude Include="source\plyer\Player.h" />
    <ClInclude Include="source\utils\InputMgr.h" />
    <ClInclude Include="source\utils\Pickup.h" />
    <ClInclude Include="source\utils\Singleton.h" />
    <ClInclude Include="source\utils\TextureHolder.h" />
    <ClInclude Include="source\utils\Utils.h" />
    <ClInclude Include="source\zombie\Blood.h" />
    <ClInclude Include="source\zombie\Zombie.h" />
    <ClInclude Include="source\Scene\TitleScene.h" />
    <ClInclude Include="source\Scene\UpgradeScene.h" />
    <ClInclude Include="source\utils\UIManager.h" />
    <ClInclude Include="source\utils\ViewManager.h" />
    <ClInclude Include="source\utils\GameLevelData.h" />
  </ItemGroup>
</Project>